
Microsoft Visual Studio Solution File, Format Version 12.00
# Visual Studio Version 17
VisualStudioVersion = 17.0.31903.59
MinimumVisualStudioVersion = 10.0.40219.1
Project("{FAE04EC0-301F-11D3-BF4B-00C04F79EFBC}") = "Api", "api\Api.csproj", "{CCF6089C-E9A4-474B-A6DC-7D437A59F08F}"
EndProject
Project("{FAE04EC0-301F-11D3-BF4B-00C04F79EFBC}") = "cli", "cli\cli.csproj", "{B0EA7CB0-0788-43B8-8CB5-DA65D2D59497}"
EndProject
Global
	GlobalSection(SolutionConfigurationPlatforms) = preSolution
		Debug|Any CPU = Debug|Any CPU
		Release|Any CPU = Release|Any CPU
	EndGlobalSection
	GlobalSection(SolutionProperties) = preSolution
		HideSolutionNode = FALSE
	EndGlobalSection
	GlobalSection(ProjectConfigurationPlatforms) = postSolution
		{CCF6089C-E9A4-474B-A6DC-7D437A59F08F}.Debug|Any CPU.ActiveCfg = Debug|Any CPU
		{CCF6089C-E9A4-474B-A6DC-7D437A59F08F}.Debug|Any CPU.Build.0 = Debug|Any CPU
		{CCF6089C-E9A4-474B-A6DC-7D437A59F08F}.Release|Any CPU.ActiveCfg = Release|Any CPU
		{CCF6089C-E9A4-474B-A6DC-7D437A59F08F}.Release|Any CPU.Build.0 = Release|Any CPU
		{B0EA7CB0-0788-43B8-8CB5-DA65D2D59497}.Debug|Any CPU.ActiveCfg = Debug|Any CPU
		{B0EA7CB0-0788-43B8-8CB5-DA65D2D59497}.Debug|Any CPU.Build.0 = Debug|Any CPU
		{B0EA7CB0-0788-43B8-8CB5-DA65D2D59497}.Release|Any CPU.ActiveCfg = Release|Any CPU
		{B0EA7CB0-0788-43B8-8CB5-DA65D2D59497}.Release|Any CPU.Build.0 = Release|Any CPU
	EndGlobalSection
EndGlobal
